// !$*UTF8*$!
{
	archiveVersion = 1;
	classes = {
	};
	objectVersion = 46;
	objects = {

/* Begin PBXBuildFile section */
		6E2932C62022F9D40096BF07 /* TestViewController.m in Sources */ = {isa = PBXBuildFile; fileRef = 6E2932C52022F9D40096BF07 /* TestViewController.m */; };
		6E2932CA202858040096BF07 /* YYKitViewController.m in Sources */ = {isa = PBXBuildFile; fileRef = 6E2932C9202858040096BF07 /* YYKitViewController.m */; };
		6E2932CD202859AA0096BF07 /* YYFPSLabel.m in Sources */ = {isa = PBXBuildFile; fileRef = 6E2932CC202859AA0096BF07 /* YYFPSLabel.m */; };
		6E389CF21F384D90008D0762 /* main.m in Sources */ = {isa = PBXBuildFile; fileRef = 6E389CF11F384D90008D0762 /* main.m */; };
		6E389CF51F384D90008D0762 /* AppDelegate.m in Sources */ = {isa = PBXBuildFile; fileRef = 6E389CF41F384D90008D0762 /* AppDelegate.m */; };
		6E389CFB1F384D90008D0762 /* Main.storyboard in Resources */ = {isa = PBXBuildFile; fileRef = 6E389CF91F384D90008D0762 /* Main.storyboard */; };
		6E389CFD1F384D90008D0762 /* Assets.xcassets in Resources */ = {isa = PBXBuildFile; fileRef = 6E389CFC1F384D90008D0762 /* Assets.xcassets */; };
		6E389D001F384D90008D0762 /* LaunchScreen.storyboard in Resources */ = {isa = PBXBuildFile; fileRef = 6E389CFE1F384D90008D0762 /* LaunchScreen.storyboard */; };
		6E4B04971FD6A46D006B25E6 /* ZZQRCodeFinallyViewController.m in Sources */ = {isa = PBXBuildFile; fileRef = 6E4B048D1FD6A46C006B25E6 /* ZZQRCodeFinallyViewController.m */; };
		6E4B04981FD6A46D006B25E6 /* ZZQRCodeImageViewController.m in Sources */ = {isa = PBXBuildFile; fileRef = 6E4B048E1FD6A46C006B25E6 /* ZZQRCodeImageViewController.m */; };
		6E4B04991FD6A46D006B25E6 /* ZZQRCodeManager.m in Sources */ = {isa = PBXBuildFile; fileRef = 6E4B04931FD6A46C006B25E6 /* ZZQRCodeManager.m */; };
		6E4B049A1FD6A46D006B25E6 /* ZZQRCodeScanningView.m in Sources */ = {isa = PBXBuildFile; fileRef = 6E4B04941FD6A46C006B25E6 /* ZZQRCodeScanningView.m */; };
		6E4B049B1FD6A46D006B25E6 /* ZZQRCodeViewController.m in Sources */ = {isa = PBXBuildFile; fileRef = 6E4B04961FD6A46D006B25E6 /* ZZQRCodeViewController.m */; };
		6E4B049E1FD6A482006B25E6 /* NSTimerViewController.m in Sources */ = {isa = PBXBuildFile; fileRef = 6E4B049D1FD6A482006B25E6 /* NSTimerViewController.m */; };
		6E5510351F38584800CC0543 /* sound.caf in Resources */ = {isa = PBXBuildFile; fileRef = 6E5510341F38584800CC0543 /* sound.caf */; };
		6E7C0D961FE9104C0097B587 /* GCDViewController.m in Sources */ = {isa = PBXBuildFile; fileRef = 6E7C0D951FE9104C0097B587 /* GCDViewController.m */; };
		6E7C0D991FE911CA0097B587 /* GCDTool.m in Sources */ = {isa = PBXBuildFile; fileRef = 6E7C0D981FE911CA0097B587 /* GCDTool.m */; };
		6E84D5EC1FECEA4700EB80B1 /* TotalPriceEepensesCollectionViewCell.m in Sources */ = {isa = PBXBuildFile; fileRef = 6E84D5EA1FECEA4700EB80B1 /* TotalPriceEepensesCollectionViewCell.m */; };
		6E84D5ED1FECEA4700EB80B1 /* TotalPriceEepensesCollectionViewCell.xib in Resources */ = {isa = PBXBuildFile; fileRef = 6E84D5EB1FECEA4700EB80B1 /* TotalPriceEepensesCollectionViewCell.xib */; };
		6E9E7C8C204E88DA000581E3 /* libtestku.a in Frameworks */ = {isa = PBXBuildFile; fileRef = 6E9E7C8B204E88DA000581E3 /* libtestku.a */; };
		6ED8C5461FF095110072A6DA /* CollectionHeaderReusableView.m in Sources */ = {isa = PBXBuildFile; fileRef = 6ED8C5451FF095110072A6DA /* CollectionHeaderReusableView.m */; };
		6ED8C5491FF099A00072A6DA /* PriceExpensesModel.m in Sources */ = {isa = PBXBuildFile; fileRef = 6ED8C5481FF099A00072A6DA /* PriceExpensesModel.m */; };
		6EF5150C1FEB7D4C00860625 /* TotalPriceExpensesViewController.m in Sources */ = {isa = PBXBuildFile; fileRef = 6EF5150B1FEB7D4C00860625 /* TotalPriceExpensesViewController.m */; };
		6EF5150F1FEB7F8A00860625 /* TotalPriceExpensesTool.m in Sources */ = {isa = PBXBuildFile; fileRef = 6EF5150E1FEB7F8A00860625 /* TotalPriceExpensesTool.m */; };
		6EF515121FEB888900860625 /* TotalPriceExpensesModel.m in Sources */ = {isa = PBXBuildFile; fileRef = 6EF515111FEB888900860625 /* TotalPriceExpensesModel.m */; };
		6EFD5BA41F611F8A00FA20CE /* ZZQRCodeTableviewController.m in Sources */ = {isa = PBXBuildFile; fileRef = 6EFD5BA31F611F8A00FA20CE /* ZZQRCodeTableviewController.m */; };
		764B9423F7BD93C62C6F87B1 /* libPods-ZZQRCode.a in Frameworks */ = {isa = PBXBuildFile; fileRef = 95D84B1FA1AD13430EE3A01E /* libPods-ZZQRCode.a */; };
/* End PBXBuildFile section */

/* Begin PBXFileReference section */
		488408704454AD8829F7D9B5 /* Pods-ZZQRCode.debug.xcconfig */ = {isa = PBXFileReference; includeInIndex = 1; lastKnownFileType = text.xcconfig; name = "Pods-ZZQRCode.debug.xcconfig"; path = "Pods/Target Support Files/Pods-ZZQRCode/Pods-ZZQRCode.debug.xcconfig"; sourceTree = "<group>"; };
		6E2932C42022F9D40096BF07 /* TestViewController.h */ = {isa = PBXFileReference; lastKnownFileType = sourcecode.c.h; path = TestViewController.h; sourceTree = "<group>"; };
		6E2932C52022F9D40096BF07 /* TestViewController.m */ = {isa = PBXFileReference; lastKnownFileType = sourcecode.c.objc; path = TestViewController.m; sourceTree = "<group>"; };
		6E2932C8202858040096BF07 /* YYKitViewController.h */ = {isa = PBXFileReference; lastKnownFileType = sourcecode.c.h; path = YYKitViewController.h; sourceTree = "<group>"; };
		6E2932C9202858040096BF07 /* YYKitViewController.m */ = {isa = PBXFileReference; lastKnownFileType = sourcecode.c.objc; path = YYKitViewController.m; sourceTree = "<group>"; };
		6E2932CB202859AA0096BF07 /* YYFPSLabel.h */ = {isa = PBXFileReference; lastKnownFileType = sourcecode.c.h; path = YYFPSLabel.h; sourceTree = "<group>"; };
		6E2932CC202859AA0096BF07 /* YYFPSLabel.m */ = {isa = PBXFileReference; lastKnownFileType = sourcecode.c.objc; path = YYFPSLabel.m; sourceTree = "<group>"; };
		6E389CED1F384D90008D0762 /* ZZQRCode.app */ = {isa = PBXFileReference; explicitFileType = wrapper.application; includeInIndex = 0; path = ZZQRCode.app; sourceTree = BUILT_PRODUCTS_DIR; };
		6E389CF11F384D90008D0762 /* main.m */ = {isa = PBXFileReference; lastKnownFileType = sourcecode.c.objc; path = main.m; sourceTree = "<group>"; };
		6E389CF31F384D90008D0762 /* AppDelegate.h */ = {isa = PBXFileReference; lastKnownFileType = sourcecode.c.h; path = AppDelegate.h; sourceTree = "<group>"; };
		6E389CF41F384D90008D0762 /* AppDelegate.m */ = {isa = PBXFileReference; lastKnownFileType = sourcecode.c.objc; path = AppDelegate.m; sourceTree = "<group>"; };
		6E389CFA1F384D90008D0762 /* Base */ = {isa = PBXFileReference; lastKnownFileType = file.storyboard; name = Base; path = Base.lproj/Main.storyboard; sourceTree = "<group>"; };
		6E389CFC1F384D90008D0762 /* Assets.xcassets */ = {isa = PBXFileReference; lastKnownFileType = folder.assetcatalog; path = Assets.xcassets; sourceTree = "<group>"; };
		6E389CFF1F384D90008D0762 /* Base */ = {isa = PBXFileReference; lastKnownFileType = file.storyboard; name = Base; path = Base.lproj/LaunchScreen.storyboard; sourceTree = "<group>"; };
		6E389D011F384D90008D0762 /* Info.plist */ = {isa = PBXFileReference; lastKnownFileType = text.plist.xml; path = Info.plist; sourceTree = "<group>"; };
		6E4B048D1FD6A46C006B25E6 /* ZZQRCodeFinallyViewController.m */ = {isa = PBXFileReference; fileEncoding = 4; lastKnownFileType = sourcecode.c.objc; path = ZZQRCodeFinallyViewController.m; sourceTree = "<group>"; };
		6E4B048E1FD6A46C006B25E6 /* ZZQRCodeImageViewController.m */ = {isa = PBXFileReference; fileEncoding = 4; lastKnownFileType = sourcecode.c.objc; path = ZZQRCodeImageViewController.m; sourceTree = "<group>"; };
		6E4B048F1FD6A46C006B25E6 /* ZZQRCodeImageViewController.h */ = {isa = PBXFileReference; fileEncoding = 4; lastKnownFileType = sourcecode.c.h; path = ZZQRCodeImageViewController.h; sourceTree = "<group>"; };
		6E4B04901FD6A46C006B25E6 /* ZZQRCodeManager.h */ = {isa = PBXFileReference; fileEncoding = 4; lastKnownFileType = sourcecode.c.h; path = ZZQRCodeManager.h; sourceTree = "<group>"; };
		6E4B04911FD6A46C006B25E6 /* ZZQRCodeFinallyViewController.h */ = {isa = PBXFileReference; fileEncoding = 4; lastKnownFileType = sourcecode.c.h; path = ZZQRCodeFinallyViewController.h; sourceTree = "<group>"; };
		6E4B04921FD6A46C006B25E6 /* ZZQRCodeScanningView.h */ = {isa = PBXFileReference; fileEncoding = 4; lastKnownFileType = sourcecode.c.h; path = ZZQRCodeScanningView.h; sourceTree = "<group>"; };
		6E4B04931FD6A46C006B25E6 /* ZZQRCodeManager.m */ = {isa = PBXFileReference; fileEncoding = 4; lastKnownFileType = sourcecode.c.objc; path = ZZQRCodeManager.m; sourceTree = "<group>"; };
		6E4B04941FD6A46C006B25E6 /* ZZQRCodeScanningView.m */ = {isa = PBXFileReference; fileEncoding = 4; lastKnownFileType = sourcecode.c.objc; path = ZZQRCodeScanningView.m; sourceTree = "<group>"; };
		6E4B04951FD6A46C006B25E6 /* ZZQRCodeViewController.h */ = {isa = PBXFileReference; fileEncoding = 4; lastKnownFileType = sourcecode.c.h; path = ZZQRCodeViewController.h; sourceTree = "<group>"; };
		6E4B04961FD6A46D006B25E6 /* ZZQRCodeViewController.m */ = {isa = PBXFileReference; fileEncoding = 4; lastKnownFileType = sourcecode.c.objc; path = ZZQRCodeViewController.m; sourceTree = "<group>"; };
		6E4B049C1FD6A482006B25E6 /* NSTimerViewController.h */ = {isa = PBXFileReference; lastKnownFileType = sourcecode.c.h; path = NSTimerViewController.h; sourceTree = "<group>"; };
		6E4B049D1FD6A482006B25E6 /* NSTimerViewController.m */ = {isa = PBXFileReference; lastKnownFileType = sourcecode.c.objc; path = NSTimerViewController.m; sourceTree = "<group>"; };
		6E5510341F38584800CC0543 /* sound.caf */ = {isa = PBXFileReference; lastKnownFileType = file; path = sound.caf; sourceTree = "<group>"; };
		6E6339F51F6678E000A88B2B /* PrefixHeader.pch */ = {isa = PBXFileReference; lastKnownFileType = sourcecode.c.h; path = PrefixHeader.pch; sourceTree = "<group>"; };
		6E7C0D941FE9104C0097B587 /* GCDViewController.h */ = {isa = PBXFileReference; lastKnownFileType = sourcecode.c.h; path = GCDViewController.h; sourceTree = "<group>"; };
		6E7C0D951FE9104C0097B587 /* GCDViewController.m */ = {isa = PBXFileReference; lastKnownFileType = sourcecode.c.objc; path = GCDViewController.m; sourceTree = "<group>"; };
		6E7C0D971FE911CA0097B587 /* GCDTool.h */ = {isa = PBXFileReference; lastKnownFileType = sourcecode.c.h; path = GCDTool.h; sourceTree = "<group>"; };
		6E7C0D981FE911CA0097B587 /* GCDTool.m */ = {isa = PBXFileReference; lastKnownFileType = sourcecode.c.objc; path = GCDTool.m; sourceTree = "<group>"; };
		6E84D5E91FECEA4700EB80B1 /* TotalPriceEepensesCollectionViewCell.h */ = {isa = PBXFileReference; lastKnownFileType = sourcecode.c.h; path = TotalPriceEepensesCollectionViewCell.h; sourceTree = "<group>"; };
		6E84D5EA1FECEA4700EB80B1 /* TotalPriceEepensesCollectionViewCell.m */ = {isa = PBXFileReference; lastKnownFileType = sourcecode.c.objc; path = TotalPriceEepensesCollectionViewCell.m; sourceTree = "<group>"; };
		6E84D5EB1FECEA4700EB80B1 /* TotalPriceEepensesCollectionViewCell.xib */ = {isa = PBXFileReference; lastKnownFileType = file.xib; path = TotalPriceEepensesCollectionViewCell.xib; sourceTree = "<group>"; };
		6E9E7C8A204E88DA000581E3 /* testku.h */ = {isa = PBXFileReference; fileEncoding = 4; lastKnownFileType = sourcecode.c.h; path = testku.h; sourceTree = "<group>"; };
		6E9E7C8B204E88DA000581E3 /* libtestku.a */ = {isa = PBXFileReference; lastKnownFileType = archive.ar; path = libtestku.a; sourceTree = "<group>"; };
		6ED8C5441FF095110072A6DA /* CollectionHeaderReusableView.h */ = {isa = PBXFileReference; lastKnownFileType = sourcecode.c.h; path = CollectionHeaderReusableView.h; sourceTree = "<group>"; };
		6ED8C5451FF095110072A6DA /* CollectionHeaderReusableView.m */ = {isa = PBXFileReference; lastKnownFileType = sourcecode.c.objc; path = CollectionHeaderReusableView.m; sourceTree = "<group>"; };
		6ED8C5471FF099A00072A6DA /* PriceExpensesModel.h */ = {isa = PBXFileReference; lastKnownFileType = sourcecode.c.h; path = PriceExpensesModel.h; sourceTree = "<group>"; };
		6ED8C5481FF099A00072A6DA /* PriceExpensesModel.m */ = {isa = PBXFileReference; lastKnownFileType = sourcecode.c.objc; path = PriceExpensesModel.m; sourceTree = "<group>"; };
		6EF5150A1FEB7D4C00860625 /* TotalPriceExpensesViewController.h */ = {isa = PBXFileReference; lastKnownFileType = sourcecode.c.h; path = TotalPriceExpensesViewController.h; sourceTree = "<group>"; };
		6EF5150B1FEB7D4C00860625 /* TotalPriceExpensesViewController.m */ = {isa = PBXFileReference; lastKnownFileType = sourcecode.c.objc; path = TotalPriceExpensesViewController.m; sourceTree = "<group>"; };
		6EF5150D1FEB7F8A00860625 /* TotalPriceExpensesTool.h */ = {isa = PBXFileReference; lastKnownFileType = sourcecode.c.h; path = TotalPriceExpensesTool.h; sourceTree = "<group>"; };
		6EF5150E1FEB7F8A00860625 /* TotalPriceExpensesTool.m */ = {isa = PBXFileReference; lastKnownFileType = sourcecode.c.objc; path = TotalPriceExpensesTool.m; sourceTree = "<group>"; };
		6EF515101FEB888900860625 /* TotalPriceExpensesModel.h */ = {isa = PBXFileReference; lastKnownFileType = sourcecode.c.h; path = TotalPriceExpensesModel.h; sourceTree = "<group>"; };
		6EF515111FEB888900860625 /* TotalPriceExpensesModel.m */ = {isa = PBXFileReference; lastKnownFileType = sourcecode.c.objc; path = TotalPriceExpensesModel.m; sourceTree = "<group>"; };
		6EFD5BA21F611F8A00FA20CE /* ZZQRCodeTableviewController.h */ = {isa = PBXFileReference; fileEncoding = 4; lastKnownFileType = sourcecode.c.h; path = ZZQRCodeTableviewController.h; sourceTree = "<group>"; };
		6EFD5BA31F611F8A00FA20CE /* ZZQRCodeTableviewController.m */ = {isa = PBXFileReference; fileEncoding = 4; lastKnownFileType = sourcecode.c.objc; path = ZZQRCodeTableviewController.m; sourceTree = "<group>"; };
		95D84B1FA1AD13430EE3A01E /* libPods-ZZQRCode.a */ = {isa = PBXFileReference; explicitFileType = archive.ar; includeInIndex = 0; path = "libPods-ZZQRCode.a"; sourceTree = BUILT_PRODUCTS_DIR; };
		DB2CD4F4CB2997B9C11474A8 /* Pods-ZZQRCode.release.xcconfig */ = {isa = PBXFileReference; includeInIndex = 1; lastKnownFileType = text.xcconfig; name = "Pods-ZZQRCode.release.xcconfig"; path = "Pods/Target Support Files/Pods-ZZQRCode/Pods-ZZQRCode.release.xcconfig"; sourceTree = "<group>"; };
/* End PBXFileReference section */

/* Begin PBXFrameworksBuildPhase section */
		6E389CEA1F384D90008D0762 /* Frameworks */ = {
			isa = PBXFrameworksBuildPhase;
			buildActionMask = 2147483647;
			files = (
				764B9423F7BD93C62C6F87B1 /* libPods-ZZQRCode.a in Frameworks */,
				6E9E7C8C204E88DA000581E3 /* libtestku.a in Frameworks */,
			);
			runOnlyForDeploymentPostprocessing = 0;
		};
/* End PBXFrameworksBuildPhase section */

/* Begin PBXGroup section */
		19D04A1837F7B53F1FFB03DC /* Frameworks */ = {
			isa = PBXGroup;
			children = (
				95D84B1FA1AD13430EE3A01E /* libPods-ZZQRCode.a */,
			);
			name = Frameworks;
			sourceTree = "<group>";
		};
		6E2932C32022F9BF0096BF07 /* Test */ = {
			isa = PBXGroup;
			children = (
				6E2932C42022F9D40096BF07 /* TestViewController.h */,
				6E2932C52022F9D40096BF07 /* TestViewController.m */,
			);
			path = Test;
			sourceTree = "<group>";
		};
		6E2932C7202857F90096BF07 /* YYKit */ = {
			isa = PBXGroup;
			children = (
				6E2932C8202858040096BF07 /* YYKitViewController.h */,
				6E2932C9202858040096BF07 /* YYKitViewController.m */,
				6E2932CB202859AA0096BF07 /* YYFPSLabel.h */,
				6E2932CC202859AA0096BF07 /* YYFPSLabel.m */,
			);
			path = YYKit;
			sourceTree = "<group>";
		};
		6E389CE41F384D90008D0762 = {
			isa = PBXGroup;
			children = (
				6E9E7C8B204E88DA000581E3 /* libtestku.a */,
				6E9E7C8A204E88DA000581E3 /* testku.h */,
				6E389CEF1F384D90008D0762 /* ZZQRCode */,
				6E389CEE1F384D90008D0762 /* Products */,
				AA04D8D7187D633F69CF69E4 /* Pods */,
				19D04A1837F7B53F1FFB03DC /* Frameworks */,
			);
			sourceTree = "<group>";
		};
		6E389CEE1F384D90008D0762 /* Products */ = {
			isa = PBXGroup;
			children = (
				6E389CED1F384D90008D0762 /* ZZQRCode.app */,
			);
			name = Products;
			sourceTree = "<group>";
		};
		6E389CEF1F384D90008D0762 /* ZZQRCode */ = {
			isa = PBXGroup;
			children = (
				6E389CF31F384D90008D0762 /* AppDelegate.h */,
				6E389CF41F384D90008D0762 /* AppDelegate.m */,
				6EFD5BA21F611F8A00FA20CE /* ZZQRCodeTableviewController.h */,
				6EFD5BA31F611F8A00FA20CE /* ZZQRCodeTableviewController.m */,
				6E2932C7202857F90096BF07 /* YYKit */,
				6E2932C32022F9BF0096BF07 /* Test */,
				6EF515091FEB7D3600860625 /* TotalPriceExpenses */,
				6E7C0D931FE9103C0097B587 /* GCD */,
				6E4B048C1FD6A44B006B25E6 /* ZZQRCode */,
				6E4B048B1FD6A431006B25E6 /* NSTimer */,
				6E5510341F38584800CC0543 /* sound.caf */,
				6E389CF91F384D90008D0762 /* Main.storyboard */,
				6E389CFC1F384D90008D0762 /* Assets.xcassets */,
				6E389CFE1F384D90008D0762 /* LaunchScreen.storyboard */,
				6E389D011F384D90008D0762 /* Info.plist */,
				6E6339F51F6678E000A88B2B /* PrefixHeader.pch */,
				6E389CF01F384D90008D0762 /* Supporting Files */,
			);
			path = ZZQRCode;
			sourceTree = "<group>";
		};
		6E389CF01F384D90008D0762 /* Supporting Files */ = {
			isa = PBXGroup;
			children = (
				6E389CF11F384D90008D0762 /* main.m */,
			);
			name = "Supporting Files";
			sourceTree = "<group>";
		};
		6E4B048B1FD6A431006B25E6 /* NSTimer */ = {
			isa = PBXGroup;
			children = (
				6E4B049C1FD6A482006B25E6 /* NSTimerViewController.h */,
				6E4B049D1FD6A482006B25E6 /* NSTimerViewController.m */,
			);
			path = NSTimer;
			sourceTree = "<group>";
		};
		6E4B048C1FD6A44B006B25E6 /* ZZQRCode */ = {
			isa = PBXGroup;
			children = (
				6E4B04911FD6A46C006B25E6 /* ZZQRCodeFinallyViewController.h */,
				6E4B048D1FD6A46C006B25E6 /* ZZQRCodeFinallyViewController.m */,
				6E4B048F1FD6A46C006B25E6 /* ZZQRCodeImageViewController.h */,
				6E4B048E1FD6A46C006B25E6 /* ZZQRCodeImageViewController.m */,
				6E4B04901FD6A46C006B25E6 /* ZZQRCodeManager.h */,
				6E4B04931FD6A46C006B25E6 /* ZZQRCodeManager.m */,
				6E4B04921FD6A46C006B25E6 /* ZZQRCodeScanningView.h */,
				6E4B04941FD6A46C006B25E6 /* ZZQRCodeScanningView.m */,
				6E4B04951FD6A46C006B25E6 /* ZZQRCodeViewController.h */,
				6E4B04961FD6A46D006B25E6 /* ZZQRCodeViewController.m */,
			);
			name = ZZQRCode;
			path = ZZQRCode/ZZQRCode;
			sourceTree = SOURCE_ROOT;
		};
		6E7C0D931FE9103C0097B587 /* GCD */ = {
			isa = PBXGroup;
			children = (
				6E7C0D941FE9104C0097B587 /* GCDViewController.h */,
				6E7C0D951FE9104C0097B587 /* GCDViewController.m */,
				6E7C0D971FE911CA0097B587 /* GCDTool.h */,
				6E7C0D981FE911CA0097B587 /* GCDTool.m */,
			);
			path = GCD;
			sourceTree = "<group>";
		};
		6EF515091FEB7D3600860625 /* TotalPriceExpenses */ = {
			isa = PBXGroup;
			children = (
				6EF5150A1FEB7D4C00860625 /* TotalPriceExpensesViewController.h */,
				6EF5150B1FEB7D4C00860625 /* TotalPriceExpensesViewController.m */,
				6EF5150D1FEB7F8A00860625 /* TotalPriceExpensesTool.h */,
				6EF5150E1FEB7F8A00860625 /* TotalPriceExpensesTool.m */,
				6EF515101FEB888900860625 /* TotalPriceExpensesModel.h */,
				6EF515111FEB888900860625 /* TotalPriceExpensesModel.m */,
				6ED8C5471FF099A00072A6DA /* PriceExpensesModel.h */,
				6ED8C5481FF099A00072A6DA /* PriceExpensesModel.m */,
				6E84D5E91FECEA4700EB80B1 /* TotalPriceEepensesCollectionViewCell.h */,
				6E84D5EA1FECEA4700EB80B1 /* TotalPriceEepensesCollectionViewCell.m */,
				6E84D5EB1FECEA4700EB80B1 /* TotalPriceEepensesCollectionViewCell.xib */,
				6ED8C5441FF095110072A6DA /* CollectionHeaderReusableView.h */,
				6ED8C5451FF095110072A6DA /* CollectionHeaderReusableView.m */,
			);
			path = TotalPriceExpenses;
			sourceTree = "<group>";
		};
		AA04D8D7187D633F69CF69E4 /* Pods */ = {
			isa = PBXGroup;
			children = (
				488408704454AD8829F7D9B5 /* Pods-ZZQRCode.debug.xcconfig */,
				DB2CD4F4CB2997B9C11474A8 /* Pods-ZZQRCode.release.xcconfig */,
			);
			name = Pods;
			sourceTree = "<group>";
		};
/* End PBXGroup section */

/* Begin PBXNativeTarget section */
		6E389CEC1F384D90008D0762 /* ZZQRCode */ = {
			isa = PBXNativeTarget;
			buildConfigurationList = 6E389D041F384D90008D0762 /* Build configuration list for PBXNativeTarget "ZZQRCode" */;
			buildPhases = (
				4D89B2BD402C21679D5FF2C4 /* [CP] Check Pods Manifest.lock */,
				6E389CE91F384D90008D0762 /* Sources */,
				6E389CEA1F384D90008D0762 /* Frameworks */,
				6E389CEB1F384D90008D0762 /* Resources */,
				967BDE7A27C4A14DD17B60BC /* [CP] Embed Pods Frameworks */,
				48AAB939FAC16FF1CA292A2A /* [CP] Copy Pods Resources */,
			);
			buildRules = (
			);
			dependencies = (
			);
			name = ZZQRCode;
			productName = ZZQRCode;
			productReference = 6E389CED1F384D90008D0762 /* ZZQRCode.app */;
			productType = "com.apple.product-type.application";
		};
/* End PBXNativeTarget section */

/* Begin PBXProject section */
		6E389CE51F384D90008D0762 /* Project object */ = {
			isa = PBXProject;
			attributes = {
				LastUpgradeCheck = 0830;
				ORGANIZATIONNAME = ZP;
				TargetAttributes = {
					6E389CEC1F384D90008D0762 = {
						CreatedOnToolsVersion = 8.3.3;
						DevelopmentTeam = 5MT9S95PUC;
						ProvisioningStyle = Automatic;
					};
				};
			};
			buildConfigurationList = 6E389CE81F384D90008D0762 /* Build configuration list for PBXProject "ZZQRCode" */;
			compatibilityVersion = "Xcode 3.2";
			developmentRegion = English;
			hasScannedForEncodings = 0;
			knownRegions = (
				en,
				Base,
			);
			mainGroup = 6E389CE41F384D90008D0762;
			productRefGroup = 6E389CEE1F384D90008D0762 /* Products */;
			projectDirPath = "";
			projectRoot = "";
			targets = (
				6E389CEC1F384D90008D0762 /* ZZQRCode */,
			);
		};
/* End PBXProject section */

/* Begin PBXResourcesBuildPhase section */
		6E389CEB1F384D90008D0762 /* Resources */ = {
			isa = PBXResourcesBuildPhase;
			buildActionMask = 2147483647;
			files = (
				6E389D001F384D90008D0762 /* LaunchScreen.storyboard in Resources */,
				6E389CFD1F384D90008D0762 /* Assets.xcassets in Resources */,
				6E5510351F38584800CC0543 /* sound.caf in Resources */,
				6E389CFB1F384D90008D0762 /* Main.storyboard in Resources */,
				6E84D5ED1FECEA4700EB80B1 /* TotalPriceEepensesCollectionViewCell.xib in Resources */,
			);
			runOnlyForDeploymentPostprocessing = 0;
		};
/* End PBXResourcesBuildPhase section */

/* Begin PBXShellScriptBuildPhase section */
		48AAB939FAC16FF1CA292A2A /* [CP] Copy Pods Resources */ = {
			isa = PBXShellScriptBuildPhase;
			buildActionMask = 2147483647;
			files = (
			);
			inputPaths = (
			);
			name = "[CP] Copy Pods Resources";
			outputPaths = (
			);
			runOnlyForDeploymentPostprocessing = 0;
			shellPath = /bin/sh;
			shellScript = "\"${SRCROOT}/Pods/Target Support Files/Pods-ZZQRCode/Pods-ZZQRCode-resources.sh\"\n";
			showEnvVarsInLog = 0;
		};
		4D89B2BD402C21679D5FF2C4 /* [CP] Check Pods Manifest.lock */ = {
			isa = PBXShellScriptBuildPhase;
			buildActionMask = 2147483647;
			files = (
			);
			inputPaths = (
				"${PODS_PODFILE_DIR_PATH}/Podfile.lock",
				"${PODS_ROOT}/Manifest.lock",
			);
			name = "[CP] Check Pods Manifest.lock";
			outputPaths = (
				"$(DERIVED_FILE_DIR)/Pods-ZZQRCode-checkManifestLockResult.txt",
			);
			runOnlyForDeploymentPostprocessing = 0;
			shellPath = /bin/sh;
			shellScript = "diff \"${PODS_PODFILE_DIR_PATH}/Podfile.lock\" \"${PODS_ROOT}/Manifest.lock\" > /dev/null\nif [ $? != 0 ] ; then\n    # print error to STDERR\n    echo \"error: The sandbox is not in sync with the Podfile.lock. Run 'pod install' or update your CocoaPods installation.\" >&2\n    exit 1\nfi\n# This output is used by Xcode 'outputs' to avoid re-running this script phase.\necho \"SUCCESS\" > \"${SCRIPT_OUTPUT_FILE_0}\"\n";
			showEnvVarsInLog = 0;
		};
		967BDE7A27C4A14DD17B60BC /* [CP] Embed Pods Frameworks */ = {
			isa = PBXShellScriptBuildPhase;
			buildActionMask = 2147483647;
			files = (
			);
			inputPaths = (
			);
			name = "[CP] Embed Pods Frameworks";
			outputPaths = (
			);
			runOnlyForDeploymentPostprocessing = 0;
			shellPath = /bin/sh;
			shellScript = "\"${SRCROOT}/Pods/Target Support Files/Pods-ZZQRCode/Pods-ZZQRCode-frameworks.sh\"\n";
			showEnvVarsInLog = 0;
		};
/* End PBXShellScriptBuildPhase section */

/* Begin PBXSourcesBuildPhase section */
		6E389CE91F384D90008D0762 /* Sources */ = {
			isa = PBXSourcesBuildPhase;
			buildActionMask = 2147483647;
			files = (
				6E2932CA202858040096BF07 /* YYKitViewController.m in Sources */,
				6E7C0D991FE911CA0097B587 /* GCDTool.m in Sources */,
				6E389CF51F384D90008D0762 /* AppDelegate.m in Sources */,
				6E389CF21F384D90008D0762 /* main.m in Sources */,
				6E4B04981FD6A46D006B25E6 /* ZZQRCodeImageViewController.m in Sources */,
				6ED8C5491FF099A00072A6DA /* PriceExpensesModel.m in Sources */,
				6E2932CD202859AA0096BF07 /* YYFPSLabel.m in Sources */,
				6E7C0D961FE9104C0097B587 /* GCDViewController.m in Sources */,
				6E2932C62022F9D40096BF07 /* TestViewController.m in Sources */,
				6E84D5EC1FECEA4700EB80B1 /* TotalPriceEepensesCollectionViewCell.m in Sources */,
				6E4B049E1FD6A482006B25E6 /* NSTimerViewController.m in Sources */,
				6E4B04991FD6A46D006B25E6 /* ZZQRCodeManager.m in Sources */,
				6E4B049B1FD6A46D006B25E6 /* ZZQRCodeViewController.m in Sources */,
				6E4B049A1FD6A46D006B25E6 /* ZZQRCodeScanningView.m in Sources */,
				6E4B04971FD6A46D006B25E6 /* ZZQRCodeFinallyViewController.m in Sources */,
				6EF5150C1FEB7D4C00860625 /* TotalPriceExpensesViewController.m in Sources */,
				6ED8C5461FF095110072A6DA /* CollectionHeaderReusableView.m in Sources */,
				6EF515121FEB888900860625 /* TotalPriceExpensesModel.m in Sources */,
				6EF5150F1FEB7F8A00860625 /* TotalPriceExpensesTool.m in Sources */,
				6EFD5BA41F611F8A00FA20CE /* ZZQRCodeTableviewController.m in Sources */,
			);
			runOnlyForDeploymentPostprocessing = 0;
		};
/* End PBXSourcesBuildPhase section */

/* Begin PBXVariantGroup section */
		6E389CF91F384D90008D0762 /* Main.storyboard */ = {
			isa = PBXVariantGroup;
			children = (
				6E389CFA1F384D90008D0762 /* Base */,
			);
			name = Main.storyboard;
			sourceTree = "<group>";
		};
		6E389CFE1F384D90008D0762 /* LaunchScreen.storyboard */ = {
			isa = PBXVariantGroup;
			children = (
				6E389CFF1F384D90008D0762 /* Base */,
			);
			name = LaunchScreen.storyboard;
			sourceTree = "<group>";
		};
/* End PBXVariantGroup section */

/* Begin XCBuildConfiguration section */
		6E389D021F384D90008D0762 /* Debug */ = {
			isa = XCBuildConfiguration;
			buildSettings = {
				ALWAYS_SEARCH_USER_PATHS = NO;
				CLANG_ANALYZER_NONNULL = YES;
				CLANG_ANALYZER_NUMBER_OBJECT_CONVERSION = YES_AGGRESSIVE;
				CLANG_CXX_LANGUAGE_STANDARD = "gnu++0x";
				CLANG_CXX_LIBRARY = "libc++";
				CLANG_ENABLE_MODULES = YES;
				CLANG_ENABLE_OBJC_ARC = YES;
				CLANG_WARN_BOOL_CONVERSION = YES;
				CLANG_WARN_CONSTANT_CONVERSION = YES;
				CLANG_WARN_DIRECT_OBJC_ISA_USAGE = YES_ERROR;
				CLANG_WARN_DOCUMENTATION_COMMENTS = YES;
				CLANG_WARN_EMPTY_BODY = YES;
				CLANG_WARN_ENUM_CONVERSION = YES;
				CLANG_WARN_INFINITE_RECURSION = YES;
				CLANG_WARN_INT_CONVERSION = YES;
				CLANG_WARN_OBJC_ROOT_CLASS = YES_ERROR;
				CLANG_WARN_SUSPICIOUS_MOVE = YES;
				CLANG_WARN_UNREACHABLE_CODE = YES;
				CLANG_WARN__DUPLICATE_METHOD_MATCH = YES;
				"CODE_SIGN_IDENTITY[sdk=iphoneos*]" = "iPhone Developer";
				COPY_PHASE_STRIP = NO;
				DEBUG_INFORMATION_FORMAT = dwarf;
				ENABLE_STRICT_OBJC_MSGSEND = YES;
				ENABLE_TESTABILITY = YES;
				GCC_C_LANGUAGE_STANDARD = gnu99;
				GCC_DYNAMIC_NO_PIC = NO;
				GCC_INCREASE_PRECOMPILED_HEADER_SHARING = NO;
				GCC_NO_COMMON_BLOCKS = YES;
				GCC_OPTIMIZATION_LEVEL = 0;
				GCC_PRECOMPILE_PREFIX_HEADER = NO;
				GCC_PREFIX_HEADER = "";
				GCC_PREPROCESSOR_DEFINITIONS = (
					"DEBUG=1",
					"$(inherited)",
				);
				GCC_WARN_64_TO_32_BIT_CONVERSION = YES;
				GCC_WARN_ABOUT_RETURN_TYPE = YES_ERROR;
				GCC_WARN_UNDECLARED_SELECTOR = YES;
				GCC_WARN_UNINITIALIZED_AUTOS = YES_AGGRESSIVE;
				GCC_WARN_UNUSED_FUNCTION = YES;
				GCC_WARN_UNUSED_VARIABLE = YES;
				IPHONEOS_DEPLOYMENT_TARGET = 10.3;
				MTL_ENABLE_DEBUG_INFO = YES;
				ONLY_ACTIVE_ARCH = YES;
				SDKROOT = iphoneos;
				TARGETED_DEVICE_FAMILY = "1,2";
			};
			name = Debug;
		};
		6E389D031F384D90008D0762 /* Release */ = {
			isa = XCBuildConfiguration;
			buildSettings = {
				ALWAYS_SEARCH_USER_PATHS = NO;
				CLANG_ANALYZER_NONNULL = YES;
				CLANG_ANALYZER_NUMBER_OBJECT_CONVERSION = YES_AGGRESSIVE;
				CLANG_CXX_LANGUAGE_STANDARD = "gnu++0x";
				CLANG_CXX_LIBRARY = "libc++";
				CLANG_ENABLE_MODULES = YES;
				CLANG_ENABLE_OBJC_ARC = YES;
				CLANG_WARN_BOOL_CONVERSION = YES;
				CLANG_WARN_CONSTANT_CONVERSION = YES;
				CLANG_WARN_DIRECT_OBJC_ISA_USAGE = YES_ERROR;
				CLANG_WARN_DOCUMENTATION_COMMENTS = YES;
				CLANG_WARN_EMPTY_BODY = YES;
				CLANG_WARN_ENUM_CONVERSION = YES;
				CLANG_WARN_INFINITE_RECURSION = YES;
				CLANG_WARN_INT_CONVERSION = YES;
				CLANG_WARN_OBJC_ROOT_CLASS = YES_ERROR;
				CLANG_WARN_SUSPICIOUS_MOVE = YES;
				CLANG_WARN_UNREACHABLE_CODE = YES;
				CLANG_WARN__DUPLICATE_METHOD_MATCH = YES;
				"CODE_SIGN_IDENTITY[sdk=iphoneos*]" = "iPhone Developer";
				COPY_PHASE_STRIP = NO;
				DEBUG_INFORMATION_FORMAT = "dwarf-with-dsym";
				ENABLE_NS_ASSERTIONS = NO;
				ENABLE_STRICT_OBJC_MSGSEND = YES;
				GCC_C_LANGUAGE_STANDARD = gnu99;
				GCC_INCREASE_PRECOMPILED_HEADER_SHARING = NO;
				GCC_NO_COMMON_BLOCKS = YES;
				GCC_PRECOMPILE_PREFIX_HEADER = NO;
				GCC_PREFIX_HEADER = "";
				GCC_WARN_64_TO_32_BIT_CONVERSION = YES;
				GCC_WARN_ABOUT_RETURN_TYPE = YES_ERROR;
				GCC_WARN_UNDECLARED_SELECTOR = YES;
				GCC_WARN_UNINITIALIZED_AUTOS = YES_AGGRESSIVE;
				GCC_WARN_UNUSED_FUNCTION = YES;
				GCC_WARN_UNUSED_VARIABLE = YES;
				IPHONEOS_DEPLOYMENT_TARGET = 10.3;
				MTL_ENABLE_DEBUG_INFO = NO;
				SDKROOT = iphoneos;
				TARGETED_DEVICE_FAMILY = "1,2";
				VALIDATE_PRODUCT = YES;
			};
			name = Release;
		};
		6E389D051F384D90008D0762 /* Debug */ = {
			isa = XCBuildConfiguration;
			baseConfigurationReference = 488408704454AD8829F7D9B5 /* Pods-ZZQRCode.debug.xcconfig */;
			buildSettings = {
				ASSETCATALOG_COMPILER_APPICON_NAME = AppIcon;
				DEVELOPMENT_TEAM = 5MT9S95PUC;
				GCC_PRECOMPILE_PREFIX_HEADER = YES;
				GCC_PREFIX_HEADER = "$(SRCROOT)/ZZQRCode/PrefixHeader.pch";
				INFOPLIST_FILE = ZZQRCode/Info.plist;
				LD_RUNPATH_SEARCH_PATHS = "$(inherited) @executable_path/Frameworks";
				LIBRARY_SEARCH_PATHS = (
					"$(inherited)",
					"$(PROJECT_DIR)",
				);
				PRODUCT_BUNDLE_IDENTIFIER = com.zhangpeng.ZZQRCode;
				PRODUCT_NAME = "$(TARGET_NAME)";
			};
			name = Debug;
		};
		6E389D061F384D90008D0762 /* Release */ = {
			isa = XCBuildConfiguration;
			baseConfigurationReference = DB2CD4F4CB2997B9C11474A8 /* Pods-ZZQRCode.release.xcconfig */;
			buildSettings = {
				ASSETCATALOG_COMPILER_APPICON_NAME = AppIcon;
				DEVELOPMENT_TEAM = 5MT9S95PUC;
				GCC_PRECOMPILE_PREFIX_HEADER = YES;
				GCC_PREFIX_HEADER = "$(SRCROOT)/ZZQRCode/PrefixHeader.pch";
				INFOPLIST_FILE = ZZQRCode/Info.plist;
				LD_RUNPATH_SEARCH_PATHS = "$(inherited) @executable_path/Frameworks";
				LIBRARY_SEARCH_PATHS = (
					"$(inherited)",
					"$(PROJECT_DIR)",
				);
				PRODUCT_BUNDLE_IDENTIFIER = com.zhangpeng.ZZQRCode;
				PRODUCT_NAME = "$(TARGET_NAME)";
			};
			name = Release;
		};
/* End XCBuildConfiguration section */

/* Begin XCConfigurationList section */
		6E389CE81F384D90008D0762 /* Build configuration list for PBXProject "ZZQRCode" */ = {
			isa = XCConfigurationList;
			buildConfigurations = (
				6E389D021F384D90008D0762 /* Debug */,
				6E389D031F384D90008D0762 /* Release */,
			);
			defaultConfigurationIsVisible = 0;
			defaultConfigurationName = Release;
		};
		6E389D041F384D90008D0762 /* Build configuration list for PBXNativeTarget "ZZQRCode" */ = {
			isa = XCConfigurationList;
			buildConfigurations = (
				6E389D051F384D90008D0762 /* Debug */,
				6E389D061F384D90008D0762 /* Release */,
			);
			defaultConfigurationIsVisible = 0;
			defaultConfigurationName = Release;
		};
/* End XCConfigurationList section */
	};
	rootObject = 6E389CE51F384D90008D0762 /* Project object */;
}
